
Microsoft Visual Studio Solution File, Format Version 12.00
# Visual Studio 2013
VisualStudioVersion = 12.0.31101.0
MinimumVisualStudioVersion = 10.0.40219.1
Project("{FAE04EC0-301F-11D3-BF4B-00C04F79EFBC}") = "01. OddOrEvenIntegers", "OddOrEvenIntegers\01. OddOrEvenIntegers.csproj", "{DDA3BE9C-27AA-471E-85D3-2F481918AE74}"
EndProject
Project("{FAE04EC0-301F-11D3-BF4B-00C04F79EFBC}") = "02. GravitationOnTheMoon", "GravitationOnTheMoon\02. GravitationOnTheMoon.csproj", "{B84A6372-425C-4877-AD70-EA2EA99ECCF9}"
EndProject
Project("{FAE04EC0-301F-11D3-BF4B-00C04F79EFBC}") = "03. DivideBy7and5", "DivideBy7and5\03. DivideBy7and5.csproj", "{49F97EB0-DD88-428A-B93B-ADC6640A1DE6}"
EndProject
Project("{FAE04EC0-301F-11D3-BF4B-00C04F79EFBC}") = "04. Rectangles", "Rectangles\04. Rectangles.csproj", "{2A1BFBD7-7F2C-4C57-A90D-C2A19066AB0D}"
EndProject
Project("{FAE04EC0-301F-11D3-BF4B-00C04F79EFBC}") = "05. ThirdDigitIs7", "ThirdDigitIs7\05. ThirdDigitIs7.csproj", "{29DC200E-F47D-48E2-86B7-35146FEF6B19}"
EndProject
Project("{FAE04EC0-301F-11D3-BF4B-00C04F79EFBC}") = "06. FourDigitNumber", "FourDigitNumber\06. FourDigitNumber.csproj", "{2DA4C82A-03E4-4755-9601-6F2467F6FB3C}"
EndProject
Project("{FAE04EC0-301F-11D3-BF4B-00C04F79EFBC}") = "07. PointInACircle", "PointInACircle\07. PointInACircle.csproj", "{58134217-1418-4AC4-A678-362A9CC0308E}"
EndProject
Project("{FAE04EC0-301F-11D3-BF4B-00C04F79EFBC}") = "08. PrimeNumberCheck", "PrimeNumberCheck\08. PrimeNumberCheck.csproj", "{940EA7D9-0146-4F52-B787-CA9D01EFF578}"
EndProject
Project("{FAE04EC0-301F-11D3-BF4B-00C04F79EFBC}") = "09. Trapezoids", "Trapezoids\09. Trapezoids.csproj", "{6F78EDE9-C53B-40BC-A2A9-679DE9EDBE81}"
EndProject
Project("{FAE04EC0-301F-11D3-BF4B-00C04F79EFBC}") = "10. InsideCircleOutsideRectangle", "InsideCircleOutsideRectangle\10. InsideCircleOutsideRectangle.csproj", "{C481A3B2-B077-4FAE-9992-88793381D43B}"
EndProject
Project("{FAE04EC0-301F-11D3-BF4B-00C04F79EFBC}") = "11. ExtractBit3", "ExtractBit3\11. ExtractBit3.csproj", "{67C4AB34-357D-4DDD-9772-42735AE25F58}"
EndProject
Project("{FAE04EC0-301F-11D3-BF4B-00C04F79EFBC}") = "12. ExtractBitFromInteger", "ExtractBitFromInteger\12. ExtractBitFromInteger.csproj", "{058E0F9C-06A9-4992-8C94-588E76E852D9}"
EndProject
Project("{FAE04EC0-301F-11D3-BF4B-00C04F79EFBC}") = "13. CheckBitAtPosition", "CheckBitAtPosition\13. CheckBitAtPosition.csproj", "{CACDFE18-11BD-48DE-88DA-1D288FF44FB5}"
EndProject
Project("{FAE04EC0-301F-11D3-BF4B-00C04F79EFBC}") = "14. ModifyBitAtPosition", "ModifyBitAtPosition\14. ModifyBitAtPosition.csproj", "{2F36CA50-94D4-46E0-94CD-B10ABFF69F6E}"
EndProject
Project("{FAE04EC0-301F-11D3-BF4B-00C04F79EFBC}") = "BitsExchange", "BitsExchange\BitsExchange.csproj", "{7EFBA61D-96EA-49C1-AE96-2401845AF331}"
EndProject
Global
	GlobalSection(SolutionConfigurationPlatforms) = preSolution
		Debug|Any CPU = Debug|Any CPU
		Release|Any CPU = Release|Any CPU
	EndGlobalSection
	GlobalSection(ProjectConfigurationPlatforms) = postSolution
		{DDA3BE9C-27AA-471E-85D3-2F481918AE74}.Debug|Any CPU.ActiveCfg = Debug|Any CPU
		{DDA3BE9C-27AA-471E-85D3-2F481918AE74}.Debug|Any CPU.Build.0 = Debug|Any CPU
		{DDA3BE9C-27AA-471E-85D3-2F481918AE74}.Release|Any CPU.ActiveCfg = Release|Any CPU
		{DDA3BE9C-27AA-471E-85D3-2F481918AE74}.Release|Any CPU.Build.0 = Release|Any CPU
		{B84A6372-425C-4877-AD70-EA2EA99ECCF9}.Debug|Any CPU.ActiveCfg = Debug|Any CPU
		{B84A6372-425C-4877-AD70-EA2EA99ECCF9}.Debug|Any CPU.Build.0 = Debug|Any CPU
		{B84A6372-425C-4877-AD70-EA2EA99ECCF9}.Release|Any CPU.ActiveCfg = Release|Any CPU
		{B84A6372-425C-4877-AD70-EA2EA99ECCF9}.Release|Any CPU.Build.0 = Release|Any CPU
		{49F97EB0-DD88-428A-B93B-ADC6640A1DE6}.Debug|Any CPU.ActiveCfg = Debug|Any CPU
		{49F97EB0-DD88-428A-B93B-ADC6640A1DE6}.Debug|Any CPU.Build.0 = Debug|Any CPU
		{49F97EB0-DD88-428A-B93B-ADC6640A1DE6}.Release|Any CPU.ActiveCfg = Release|Any CPU
		{49F97EB0-DD88-428A-B93B-ADC6640A1DE6}.Release|Any CPU.Build.0 = Release|Any CPU
		{2A1BFBD7-7F2C-4C57-A90D-C2A19066AB0D}.Debug|Any CPU.ActiveCfg = Debug|Any CPU
		{2A1BFBD7-7F2C-4C57-A90D-C2A19066AB0D}.Debug|Any CPU.Build.0 = Debug|Any CPU
		{2A1BFBD7-7F2C-4C57-A90D-C2A19066AB0D}.Release|Any CPU.ActiveCfg = Release|Any CPU
		{2A1BFBD7-7F2C-4C57-A90D-C2A19066AB0D}.Release|Any CPU.Build.0 = Release|Any CPU
		{29DC200E-F47D-48E2-86B7-35146FEF6B19}.Debug|Any CPU.ActiveCfg = Debug|Any CPU
		{29DC200E-F47D-48E2-86B7-35146FEF6B19}.Debug|Any CPU.Build.0 = Debug|Any CPU
		{29DC200E-F47D-48E2-86B7-35146FEF6B19}.Release|Any CPU.ActiveCfg = Release|Any CPU
		{29DC200E-F47D-48E2-86B7-35146FEF6B19}.Release|Any CPU.Build.0 = Release|Any CPU
		{2DA4C82A-03E4-4755-9601-6F2467F6FB3C}.Debug|Any CPU.ActiveCfg = Debug|Any CPU
		{2DA4C82A-03E4-4755-9601-6F2467F6FB3C}.Debug|Any CPU.Build.0 = Debug|Any CPU
		{2DA4C82A-03E4-4755-9601-6F2467F6FB3C}.Release|Any CPU.ActiveCfg = Release|Any CPU
		{2DA4C82A-03E4-4755-9601-6F2467F6FB3C}.Release|Any CPU.Build.0 = Release|Any CPU
		{58134217-1418-4AC4-A678-362A9CC0308E}.Debug|Any CPU.ActiveCfg = Debug|Any CPU
		{58134217-1418-4AC4-A678-362A9CC0308E}.Debug|Any CPU.Build.0 = Debug|Any CPU
		{58134217-1418-4AC4-A678-362A9CC0308E}.Release|Any CPU.ActiveCfg = Release|Any CPU
		{58134217-1418-4AC4-A678-362A9CC0308E}.Release|Any CPU.Build.0 = Release|Any CPU
		{940EA7D9-0146-4F52-B787-CA9D01EFF578}.Debug|Any CPU.ActiveCfg = Debug|Any CPU
		{940EA7D9-0146-4F52-B787-CA9D01EFF578}.Debug|Any CPU.Build.0 = Debug|Any CPU
		{940EA7D9-0146-4F52-B787-CA9D01EFF578}.Release|Any CPU.ActiveCfg = Release|Any CPU
		{940EA7D9-0146-4F52-B787-CA9D01EFF578}.Release|Any CPU.Build.0 = Release|Any CPU
		{6F78EDE9-C53B-40BC-A2A9-679DE9EDBE81}.Debug|Any CPU.ActiveCfg = Debug|Any CPU
		{6F78EDE9-C53B-40BC-A2A9-679DE9EDBE81}.Debug|Any CPU.Build.0 = Debug|Any CPU
		{6F78EDE9-C53B-40BC-A2A9-679DE9EDBE81}.Release|Any CPU.ActiveCfg = Release|Any CPU
		{6F78EDE9-C53B-40BC-A2A9-679DE9EDBE81}.Release|Any CPU.Build.0 = Release|Any CPU
		{C481A3B2-B077-4FAE-9992-88793381D43B}.Debug|Any CPU.ActiveCfg = Debug|Any CPU
		{C481A3B2-B077-4FAE-9992-88793381D43B}.Debug|Any CPU.Build.0 = Debug|Any CPU
		{C481A3B2-B077-4FAE-9992-88793381D43B}.Release|Any CPU.ActiveCfg = Release|Any CPU
		{C481A3B2-B077-4FAE-9992-88793381D43B}.Release|Any CPU.Build.0 = Release|Any CPU
		{67C4AB34-357D-4DDD-9772-42735AE25F58}.Debug|Any CPU.ActiveCfg = Debug|Any CPU
		{67C4AB34-357D-4DDD-9772-42735AE25F58}.Debug|Any CPU.Build.0 = Debug|Any CPU
		{67C4AB34-357D-4DDD-9772-42735AE25F58}.Release|Any CPU.ActiveCfg = Release|Any CPU
		{67C4AB34-357D-4DDD-9772-42735AE25F58}.Release|Any CPU.Build.0 = Release|Any CPU
		{058E0F9C-06A9-4992-8C94-588E76E852D9}.Debug|Any CPU.ActiveCfg = Debug|Any CPU
		{058E0F9C-06A9-4992-8C94-588E76E852D9}.Debug|Any CPU.Build.0 = Debug|Any CPU
		{058E0F9C-06A9-4992-8C94-588E76E852D9}.Release|Any CPU.ActiveCfg = Release|Any CPU
		{058E0F9C-06A9-4992-8C94-588E76E852D9}.Release|Any CPU.Build.0 = Release|Any CPU
		{CACDFE18-11BD-48DE-88DA-1D288FF44FB5}.Debug|Any CPU.ActiveCfg = Debug|Any CPU
		{CACDFE18-11BD-48DE-88DA-1D288FF44FB5}.Debug|Any CPU.Build.0 = Debug|Any CPU
		{CACDFE18-11BD-48DE-88DA-1D288FF44FB5}.Release|Any CPU.ActiveCfg = Release|Any CPU
		{CACDFE18-11BD-48DE-88DA-1D288FF44FB5}.Release|Any CPU.Build.0 = Release|Any CPU
		{2F36CA50-94D4-46E0-94CD-B10ABFF69F6E}.Debug|Any CPU.ActiveCfg = Debug|Any CPU
		{2F36CA50-94D4-46E0-94CD-B10ABFF69F6E}.Debug|Any CPU.Build.0 = Debug|Any CPU
		{2F36CA50-94D4-46E0-94CD-B10ABFF69F6E}.Release|Any CPU.ActiveCfg = Release|Any CPU
		{2F36CA50-94D4-46E0-94CD-B10ABFF69F6E}.Release|Any CPU.Build.0 = Release|Any CPU
		{7EFBA61D-96EA-49C1-AE96-2401845AF331}.Debug|Any CPU.ActiveCfg = Debug|Any CPU
		{7EFBA61D-96EA-49C1-AE96-2401845AF331}.Debug|Any CPU.Build.0 = Debug|Any CPU
		{7EFBA61D-96EA-49C1-AE96-2401845AF331}.Release|Any CPU.ActiveCfg = Release|Any CPU
		{7EFBA61D-96EA-49C1-AE96-2401845AF331}.Release|Any CPU.Build.0 = Release|Any CPU
	EndGlobalSection
	GlobalSection(SolutionProperties) = preSolution
		HideSolutionNode = FALSE
	EndGlobalSection
EndGlobal
